# THIS IS AN AUTOGENERATED FILE. DO NOT EDIT THIS FILE DIRECTLY.
# yarn lockfile v1


"@esbuild/win32-x64@0.20.2":
  version "0.20.2"
  resolved "https://registry.npmmirror.com/@esbuild/win32-x64/-/win32-x64-0.20.2.tgz"
  integrity sha512-N49X4lJX27+l9jbLKSqZ6bKNjzQvHaT8IIFUy+YIqmXQdjYCToGWwOItDrfby14c78aDd5NHQl29xingXfCdLQ==

"@rollup/rollup-win32-x64-msvc@4.17.0":
  version "4.17.0"
  resolved "https://registry.npmmirror.com/@rollup/rollup-win32-x64-msvc/-/rollup-win32-x64-msvc-4.17.0.tgz"
  integrity sha512-ve+D8t1prRSRnF2S3pyDtTXDlvW1Pngbz76tjgYFQW1jxVSysmQCZfPoDAo4WP+Ano8zeYp85LsArZBI12HfwQ==

"@swc/core-win32-x64-msvc@1.4.17":
  version "1.4.17"
  resolved "https://registry.npmmirror.com/@swc/core-win32-x64-msvc/-/core-win32-x64-msvc-1.4.17.tgz"
  integrity sha512-jFkOnGQamtVDBm3MF5Kq1lgW8vx4Rm1UvJWRUfg+0gx7Uc3Jp3QMFeMNw/rDNQYRDYPG3yunCC+2463ycd5+dg==

"@swc/core@^1.3.107":
  version "1.4.17"
  resolved "https://registry.npmmirror.com/@swc/core/-/core-1.4.17.tgz"
  integrity sha512-tq+mdWvodMBNBBZbwFIMTVGYHe9N7zvEaycVVjfvAx20k1XozHbHhRv+9pEVFJjwRxLdXmtvFZd3QZHRAOpoNQ==
  dependencies:
    "@swc/counter" "^0.1.2"
    "@swc/types" "^0.1.5"
  optionalDependencies:
    "@swc/core-darwin-arm64" "1.4.17"
    "@swc/core-darwin-x64" "1.4.17"
    "@swc/core-linux-arm-gnueabihf" "1.4.17"
    "@swc/core-linux-arm64-gnu" "1.4.17"
    "@swc/core-linux-arm64-musl" "1.4.17"
    "@swc/core-linux-x64-gnu" "1.4.17"
    "@swc/core-linux-x64-musl" "1.4.17"
    "@swc/core-win32-arm64-msvc" "1.4.17"
    "@swc/core-win32-ia32-msvc" "1.4.17"
    "@swc/core-win32-x64-msvc" "1.4.17"

"@swc/counter@^0.1.2", "@swc/counter@^0.1.3":
  version "0.1.3"
  resolved "https://registry.npmmirror.com/@swc/counter/-/counter-0.1.3.tgz"
  integrity sha512-e2BR4lsJkkRlKZ/qCHPw9ZaSxc0MVUd7gtbtaB7aMvHeJVYe8sOB8DBZkP2DtISHGSku9sCK6T6cnY0CtXrOCQ==

"@swc/types@^0.1.5":
  version "0.1.6"
  resolved "https://registry.npmmirror.com/@swc/types/-/types-0.1.6.tgz"
  integrity sha512-/JLo/l2JsT/LRd80C3HfbmVpxOAJ11FO2RCEslFrgzLltoP9j8XIbsyDcfCt2WWyX+CM96rBoNM+IToAkFOugg==
  dependencies:
    "@swc/counter" "^0.1.3"

"@types/estree@1.0.5":
  version "1.0.5"
  resolved "https://registry.npmmirror.com/@types/estree/-/estree-1.0.5.tgz"
  integrity sha512-/kYRxGDLWzHOB7q+wtSUQlFrtcdUccpfy+X+9iMBpHK8QLLhx2wIPYuS5DYtR9Wa/YlZAbIovy7qVdB1Aq6Lyw==

"@types/prop-types@*":
  version "15.7.12"
  resolved "https://registry.npmmirror.com/@types/prop-types/-/prop-types-15.7.12.tgz"
  integrity sha512-5zvhXYtRNRluoE/jAp4GVsSduVUzNWKkOZrCDBWYtE7biZywwdC2AcEzg+cSMLFRfVgeAFqpfNabiPjxFddV1Q==

"@types/react-dom@^18.2.22":
  version "18.3.0"
  resolved "https://registry.npmmirror.com/@types/react-dom/-/react-dom-18.3.0.tgz"
  integrity sha512-EhwApuTmMBmXuFOikhQLIBUn6uFg81SwLMOAUgodJF14SOBOCMdU04gDoYi0WOJJHD144TL32z4yDqCW3dnkQg==
  dependencies:
    "@types/react" "*"

"@types/react@*", "@types/react@^18.3.1":
  version "18.3.1"
  resolved "https://registry.npmmirror.com/@types/react/-/react-18.3.1.tgz"
  integrity sha512-V0kuGBX3+prX+DQ/7r2qsv1NsdfnCLnTgnRJ1pYnxykBhGMz+qj+box5lq7XsO5mtZsBqpjwwTu/7wszPfMBcw==
  dependencies:
    "@types/prop-types" "*"
    csstype "^3.0.2"

"@vitejs/plugin-react-swc@^3.5.0":
  version "3.6.0"
  resolved "https://registry.npmmirror.com/@vitejs/plugin-react-swc/-/plugin-react-swc-3.6.0.tgz"
  integrity sha512-XFRbsGgpGxGzEV5i5+vRiro1bwcIaZDIdBRP16qwm+jP68ue/S8FJTBEgOeojtVDYrbSua3XFp71kC8VJE6v+g==
  dependencies:
    "@swc/core" "^1.3.107"

chinese-lunar@^0.1.4:
  version "0.1.4"
  resolved "https://registry.npmmirror.com/chinese-lunar/-/chinese-lunar-0.1.4.tgz"
  integrity sha512-E4seb9UZkSJtkm65Ry2ZLWTw5Z87DOyGcCePdg3ft7da342hnEliMtcDAPSn+YSo/o0xl1Egmhh671kxEJgY+g==

chinese-workday@^1.10.0:
  version "1.10.0"
  resolved "https://registry.npmmirror.com/chinese-workday/-/chinese-workday-1.10.0.tgz"
  integrity sha512-wHar+6Qd/lPDHYHdnCrb1ZJvj8Kjyy3lPrjQEqtlWqw9TRlRLTWnPUi/esB5OJFbEedYGJEP5o5zrrp4wLBCVA==

classnames@^2.5.1:
  version "2.5.1"
  resolved "https://registry.npmmirror.com/classnames/-/classnames-2.5.1.tgz"
  integrity sha512-saHYOzhIQs6wy2sVxTM6bUDsQO4F50V9RQ22qBpEdCW+I+/Wmke2HOl6lS6dTpdxVhb88/I6+Hs+438c3lfUow==

csstype@^3.0.2:
  version "3.1.3"
  resolved "https://registry.npmmirror.com/csstype/-/csstype-3.1.3.tgz"
  integrity sha512-M1uQkMl8rQK/szD0LNhtqxIPLpimGm8sOBwU7lLnCpSbTyY3yeU1Vc7l4KT5zT4s/yOxHH5O7tIuuLOCnLADRw==

dayjs@^1.11.11:
  version "1.11.11"
  resolved "https://registry.npmmirror.com/dayjs/-/dayjs-1.11.11.tgz"
  integrity sha512-okzr3f11N6WuqYtZSvm+F776mB41wRZMhKP+hc34YdW+KmtYYK9iqvHSwo2k9FEH3fhGXvOPV6yz2IcSrfRUDg==

esbuild@^0.20.1:
  version "0.20.2"
  resolved "https://registry.npmmirror.com/esbuild/-/esbuild-0.20.2.tgz"
  integrity sha512-WdOOppmUNU+IbZ0PaDiTst80zjnrOkyJNHoKupIcVyU8Lvla3Ugx94VzkQ32Ijqd7UhHJy75gNWDMUekcrSJ6g==
  optionalDependencies:
    "@esbuild/aix-ppc64" "0.20.2"
    "@esbuild/android-arm" "0.20.2"
    "@esbuild/android-arm64" "0.20.2"
    "@esbuild/android-x64" "0.20.2"
    "@esbuild/darwin-arm64" "0.20.2"
    "@esbuild/darwin-x64" "0.20.2"
    "@esbuild/freebsd-arm64" "0.20.2"
    "@esbuild/freebsd-x64" "0.20.2"
    "@esbuild/linux-arm" "0.20.2"
    "@esbuild/linux-arm64" "0.20.2"
    "@esbuild/linux-ia32" "0.20.2"
    "@esbuild/linux-loong64" "0.20.2"
    "@esbuild/linux-mips64el" "0.20.2"
    "@esbuild/linux-ppc64" "0.20.2"
    "@esbuild/linux-riscv64" "0.20.2"
    "@esbuild/linux-s390x" "0.20.2"
    "@esbuild/linux-x64" "0.20.2"
    "@esbuild/netbsd-x64" "0.20.2"
    "@esbuild/openbsd-x64" "0.20.2"
    "@esbuild/sunos-x64" "0.20.2"
    "@esbuild/win32-arm64" "0.20.2"
    "@esbuild/win32-ia32" "0.20.2"
    "@esbuild/win32-x64" "0.20.2"

"js-tokens@^3.0.0 || ^4.0.0":
  version "4.0.0"
  resolved "https://registry.npmmirror.com/js-tokens/-/js-tokens-4.0.0.tgz"
  integrity sha512-RdJUflcE3cUzKiMqQgsCu06FPu9UdIJO0beYbPhHN4k6apgJtifcoCtT9bcxOpYBtpD2kCM6Sbzg4CausW/PKQ==

loose-envify@^1.1.0:
  version "1.4.0"
  resolved "https://registry.npmmirror.com/loose-envify/-/loose-envify-1.4.0.tgz"
  integrity sha512-lyuxPGr/Wfhrlem2CL/UcnUc1zcqKAImBDzukY7Y5F/yQiNdko6+fRLevlw1HgMySw7f611UIY408EtxRSoK3Q==
  dependencies:
    js-tokens "^3.0.0 || ^4.0.0"

lunar-calendar@^0.1.4:
  version "0.1.4"
  resolved "https://registry.npmmirror.com/lunar-calendar/-/lunar-calendar-0.1.4.tgz"
  integrity sha512-5r87vbg5yg56z/jkf3A+Ur+ZggUTiJw1VATT9P7RELQgWcTNhfJ+OLkNYroSna6r65bMqyaAgapo9vRN40L75A==

lunar-typescript@^1.7.5:
  version "1.7.5"
  resolved "https://registry.npmmirror.com/lunar-typescript/-/lunar-typescript-1.7.5.tgz"
  integrity sha512-AlOwYrxHRCR9Plba5TlZY0NVv6aFobmR1gxfiAE1KxjDzBXoDtT2KrsBYCVaErGokiL8qLMS1FNwGPiPRX2a4g==

moment-lunar@^0.0.4:
  version "0.0.4"
  resolved "https://registry.npmmirror.com/moment-lunar/-/moment-lunar-0.0.4.tgz"
  integrity sha512-8+20OOe4+4qpW6E74TqNYLW1Ri8C1BvJjrwsv5tm49SfQzh+b6YcPPn25xXb3JHIhYVAEwc5hvu0B7X8VdQukw==
  dependencies:
    moment "^2.17.1"

moment@^2.17.1, moment@^2.30.1:
  version "2.30.1"
  resolved "https://registry.npmmirror.com/moment/-/moment-2.30.1.tgz"
  integrity sha512-uEmtNhbDOrWPFS+hdjFCBfy9f2YoyzRpwcl+DqpC6taX21FzsTLQVbMV/W7PzNSX6x/bhC1zA3c2UQ5NzH6how==

nanoid@^3.3.7:
  version "3.3.7"
  resolved "https://registry.npmmirror.com/nanoid/-/nanoid-3.3.7.tgz"
  integrity sha512-eSRppjcPIatRIMC1U6UngP8XFcz8MQWGQdt1MTBQ7NaAmvXDfvNxbvWV3x2y6CdEUciCSsDHDQZbhYaB8QEo2g==

picocolors@^1.0.0:
  version "1.0.0"
  resolved "https://registry.npmmirror.com/picocolors/-/picocolors-1.0.0.tgz"
  integrity sha512-1fygroTLlHu66zi26VoTDv8yRgm0Fccecssto+MhsZ0D/DGW2sm8E8AjW7NU5VVTRt5GxbeZ5qBuJr+HyLYkjQ==

postcss@^8.4.38:
  version "8.4.38"
  resolved "https://registry.npmmirror.com/postcss/-/postcss-8.4.38.tgz"
  integrity sha512-Wglpdk03BSfXkHoQa3b/oulrotAkwrlLDRSOb9D0bN86FdRyE9lppSp33aHNPgBa0JKCoB+drFLZkQoRRYae5A==
  dependencies:
    nanoid "^3.3.7"
    picocolors "^1.0.0"
    source-map-js "^1.2.0"

react-dom@^18.2.0:
  version "18.3.1"
  resolved "https://registry.npmmirror.com/react-dom/-/react-dom-18.3.1.tgz"
  integrity sha512-5m4nQKp+rZRb09LNH59GM4BxTh9251/ylbKIbpe7TpGxfJ+9kv6BLkLBXIjjspbgbnIBNqlI23tRnTWT0snUIw==
  dependencies:
    loose-envify "^1.1.0"
    scheduler "^0.23.2"

react@^18.2.0, react@^18.3.1:
  version "18.3.1"
  resolved "https://registry.npmmirror.com/react/-/react-18.3.1.tgz"
  integrity sha512-wS+hAgJShR0KhEvPJArfuPVN1+Hz1t0Y6n5jLrGQbkb4urgPE/0Rve+1kMB1v/oWgHgm4WIcV+i7F2pTVj+2iQ==
  dependencies:
    loose-envify "^1.1.0"

rollup@^4.13.0:
  version "4.17.0"
  resolved "https://registry.npmmirror.com/rollup/-/rollup-4.17.0.tgz"
  integrity sha512-wZJSn0WMtWrxhYKQRt5Z6GIXlziOoMDFmbHmRfL3v+sBTAshx2DBq1AfMArB7eIjF63r4ocn2ZTAyUptg/7kmQ==
  dependencies:
    "@types/estree" "1.0.5"
  optionalDependencies:
    "@rollup/rollup-android-arm-eabi" "4.17.0"
    "@rollup/rollup-android-arm64" "4.17.0"
    "@rollup/rollup-darwin-arm64" "4.17.0"
    "@rollup/rollup-darwin-x64" "4.17.0"
    "@rollup/rollup-linux-arm-gnueabihf" "4.17.0"
    "@rollup/rollup-linux-arm-musleabihf" "4.17.0"
    "@rollup/rollup-linux-arm64-gnu" "4.17.0"
    "@rollup/rollup-linux-arm64-musl" "4.17.0"
    "@rollup/rollup-linux-powerpc64le-gnu" "4.17.0"
    "@rollup/rollup-linux-riscv64-gnu" "4.17.0"
    "@rollup/rollup-linux-s390x-gnu" "4.17.0"
    "@rollup/rollup-linux-x64-gnu" "4.17.0"
    "@rollup/rollup-linux-x64-musl" "4.17.0"
    "@rollup/rollup-win32-arm64-msvc" "4.17.0"
    "@rollup/rollup-win32-ia32-msvc" "4.17.0"
    "@rollup/rollup-win32-x64-msvc" "4.17.0"
    fsevents "~2.3.2"

scheduler@^0.23.2:
  version "0.23.2"
  resolved "https://registry.npmmirror.com/scheduler/-/scheduler-0.23.2.tgz"
  integrity sha512-UOShsPwz7NrMUqhR6t0hWjFduvOzbtv7toDH1/hIrfRNIDBnnBWd0CwJTGvTpngVlmwGCdP9/Zl/tVrDqcuYzQ==
  dependencies:
    loose-envify "^1.1.0"

source-map-js@^1.2.0:
  version "1.2.0"
  resolved "https://registry.npmmirror.com/source-map-js/-/source-map-js-1.2.0.tgz"
  integrity sha512-itJW8lvSA0TXEphiRoawsCksnlf8SyvmFzIhltqAHluXd88pkCd+cXJVHTDwdCr0IzwptSm035IHQktUu1QUMg==

typescript@^5.2.2:
  version "5.4.5"
  resolved "https://registry.npmmirror.com/typescript/-/typescript-5.4.5.tgz"
  integrity sha512-vcI4UpRgg81oIRUFwR0WSIHKt11nJ7SAVlYNIu+QpqeyXP+gpQJy/Z4+F0aGxSE4MqwjyXvW/TzgkLAx2AGHwQ==

"vite@^4 || ^5", vite@^5.2.0:
  version "5.2.10"
  resolved "https://registry.npmmirror.com/vite/-/vite-5.2.10.tgz"
  integrity sha512-PAzgUZbP7msvQvqdSD+ErD5qGnSFiGOoWmV5yAKUEI0kdhjbH6nMWVyZQC/hSc4aXwc0oJ9aEdIiF9Oje0JFCw==
  dependencies:
    esbuild "^0.20.1"
    postcss "^8.4.38"
    rollup "^4.13.0"
  optionalDependencies:
    fsevents "~2.3.3"
